// !$*UTF8*$!
{
	archiveVersion = 1;
	classes = {
	};
	objectVersion = 46;
	objects = {

/* Begin PBXBuildFile section */
		127DC3E714F394D20070782D /* UIKit.framework in Frameworks */ = {isa = PBXBuildFile; fileRef = 127DC3E614F394D20070782D /* UIKit.framework */; };
		127DC3E914F394D20070782D /* Foundation.framework in Frameworks */ = {isa = PBXBuildFile; fileRef = 127DC3E814F394D20070782D /* Foundation.framework */; };
		127DC3EB14F394D20070782D /* CoreGraphics.framework in Frameworks */ = {isa = PBXBuildFile; fileRef = 127DC3EA14F394D20070782D /* CoreGraphics.framework */; };
		127DC3F114F394D20070782D /* InfoPlist.strings in Resources */ = {isa = PBXBuildFile; fileRef = 127DC3EF14F394D20070782D /* InfoPlist.strings */; };
		127DC3F314F394D20070782D /* main.m in Sources */ = {isa = PBXBuildFile; fileRef = 127DC3F214F394D20070782D /* main.m */; };
		127DC3F714F394D20070782D /* AppDelegate.m in Sources */ = {isa = PBXBuildFile; fileRef = 127DC3F614F394D20070782D /* AppDelegate.m */; };
		127DC40214F3A1720070782D /* main-iphone.storyboard in Resources */ = {isa = PBXBuildFile; fileRef = 127DC40114F3A1720070782D /* main-iphone.storyboard */; };
		127DC40514F3A2660070782D /* MainViewController.m in Sources */ = {isa = PBXBuildFile; fileRef = 127DC40414F3A2660070782D /* MainViewController.m */; };
		128CB7C114F3C484001A0F01 /* GearCalculator.m in Sources */ = {isa = PBXBuildFile; fileRef = 128CB7C014F3C484001A0F01 /* GearCalculator.m */; };
/* End PBXBuildFile section */

/* Begin PBXFileReference section */
		127DC3E214F394D20070782D /* gualun.app */ = {isa = PBXFileReference; explicitFileType = wrapper.application; includeInIndex = 0; path = gualun.app; sourceTree = BUILT_PRODUCTS_DIR; };
		127DC3E614F394D20070782D /* UIKit.framework */ = {isa = PBXFileReference; lastKnownFileType = wrapper.framework; name = UIKit.framework; path = System/Library/Frameworks/UIKit.framework; sourceTree = SDKROOT; };
		127DC3E814F394D20070782D /* Foundation.framework */ = {isa = PBXFileReference; lastKnownFileType = wrapper.framework; name = Foundation.framework; path = System/Library/Frameworks/Foundation.framework; sourceTree = SDKROOT; };
		127DC3EA14F394D20070782D /* CoreGraphics.framework */ = {isa = PBXFileReference; lastKnownFileType = wrapper.framework; name = CoreGraphics.framework; path = System/Library/Frameworks/CoreGraphics.framework; sourceTree = SDKROOT; };
		127DC3EE14F394D20070782D /* gualun-Info.plist */ = {isa = PBXFileReference; lastKnownFileType = text.plist.xml; path = "gualun-Info.plist"; sourceTree = "<group>"; };
		127DC3F014F394D20070782D /* en */ = {isa = PBXFileReference; lastKnownFileType = text.plist.strings; name = en; path = en.lproj/InfoPlist.strings; sourceTree = "<group>"; };
		127DC3F214F394D20070782D /* main.m */ = {isa = PBXFileReference; lastKnownFileType = sourcecode.c.objc; path = main.m; sourceTree = "<group>"; };
		127DC3F414F394D20070782D /* gualun-Prefix.pch */ = {isa = PBXFileReference; lastKnownFileType = sourcecode.c.h; path = "gualun-Prefix.pch"; sourceTree = "<group>"; };
		127DC3F514F394D20070782D /* AppDelegate.h */ = {isa = PBXFileReference; lastKnownFileType = sourcecode.c.h; path = AppDelegate.h; sourceTree = "<group>"; };
		127DC3F614F394D20070782D /* AppDelegate.m */ = {isa = PBXFileReference; lastKnownFileType = sourcecode.c.objc; path = AppDelegate.m; sourceTree = "<group>"; };
		127DC40114F3A1720070782D /* main-iphone.storyboard */ = {isa = PBXFileReference; fileEncoding = 4; lastKnownFileType = file.storyboard; path = "main-iphone.storyboard"; sourceTree = "<group>"; };
		127DC40314F3A2660070782D /* MainViewController.h */ = {isa = PBXFileReference; fileEncoding = 4; lastKnownFileType = sourcecode.c.h; path = MainViewController.h; sourceTree = "<group>"; };
		127DC40414F3A2660070782D /* MainViewController.m */ = {isa = PBXFileReference; fileEncoding = 4; lastKnownFileType = sourcecode.c.objc; path = MainViewController.m; sourceTree = "<group>"; };
		128CB7BF14F3C484001A0F01 /* GearCalculator.h */ = {isa = PBXFileReference; fileEncoding = 4; path = GearCalculator.h; sourceTree = "<group>"; };
		128CB7C014F3C484001A0F01 /* GearCalculator.m */ = {isa = PBXFileReference; fileEncoding = 4; lastKnownFileType = sourcecode.c.objc; path = GearCalculator.m; sourceTree = "<group>"; };
/* End PBXFileReference section */

/* Begin PBXFrameworksBuildPhase section */
		127DC3DF14F394D20070782D /* Frameworks */ = {
			isa = PBXFrameworksBuildPhase;
			buildActionMask = 2147483647;
			files = (
				127DC3E714F394D20070782D /* UIKit.framework in Frameworks */,
				127DC3E914F394D20070782D /* Foundation.framework in Frameworks */,
				127DC3EB14F394D20070782D /* CoreGraphics.framework in Frameworks */,
			);
			runOnlyForDeploymentPostprocessing = 0;
		};
/* End PBXFrameworksBuildPhase section */

/* Begin PBXGroup section */
		127DC3D714F394D20070782D = {
			isa = PBXGroup;
			children = (
				127DC40114F3A1720070782D /* main-iphone.storyboard */,
				127DC3EC14F394D20070782D /* gualun */,
				127DC3E514F394D20070782D /* Frameworks */,
				127DC3E314F394D20070782D /* Products */,
			);
			sourceTree = "<group>";
		};
		127DC3E314F394D20070782D /* Products */ = {
			isa = PBXGroup;
			children = (
				127DC3E214F394D20070782D /* gualun.app */,
			);
			name = Products;
			sourceTree = "<group>";
		};
		127DC3E514F394D20070782D /* Frameworks */ = {
			isa = PBXGroup;
			children = (
				127DC3E614F394D20070782D /* UIKit.framework */,
				127DC3E814F394D20070782D /* Foundation.framework */,
				127DC3EA14F394D20070782D /* CoreGraphics.framework */,
			);
			name = Frameworks;
			sourceTree = "<group>";
		};
		127DC3EC14F394D20070782D /* gualun */ = {
			isa = PBXGroup;
			children = (
				127DC3F514F394D20070782D /* AppDelegate.h */,
				127DC3F614F394D20070782D /* AppDelegate.m */,
				127DC3ED14F394D20070782D /* Supporting Files */,
				127DC40314F3A2660070782D /* MainViewController.h */,
				127DC40414F3A2660070782D /* MainViewController.m */,
				128CB7BF14F3C484001A0F01 /* GearCalculator.h */,
				128CB7C014F3C484001A0F01 /* GearCalculator.m */,
			);
			path = gualun;
			sourceTree = "<group>";
		};
		127DC3ED14F394D20070782D /* Supporting Files */ = {
			isa = PBXGroup;
			children = (
				127DC3EE14F394D20070782D /* gualun-Info.plist */,
				127DC3EF14F394D20070782D /* InfoPlist.strings */,
				127DC3F214F394D20070782D /* main.m */,
				127DC3F414F394D20070782D /* gualun-Prefix.pch */,
			);
			name = "Supporting Files";
			sourceTree = "<group>";
		};
/* End PBXGroup section */

/* Begin PBXNativeTarget section */
		127DC3E114F394D20070782D /* gualun */ = {
			isa = PBXNativeTarget;
			buildConfigurationList = 127DC3FA14F394D20070782D /* Build configuration list for PBXNativeTarget "gualun" */;
			buildPhases = (
				127DC3DE14F394D20070782D /* Sources */,
				127DC3DF14F394D20070782D /* Frameworks */,
				127DC3E014F394D20070782D /* Resources */,
			);
			buildRules = (
			);
			dependencies = (
			);
			name = gualun;
			productName = gualun;
			productReference = 127DC3E214F394D20070782D /* gualun.app */;
			productType = "com.apple.product-type.application";
		};
/* End PBXNativeTarget section */

/* Begin PBXProject section */
		127DC3D914F394D20070782D /* Project object */ = {
			isa = PBXProject;
			attributes = {
				LastUpgradeCheck = 0420;
			};
			buildConfigurationList = 127DC3DC14F394D20070782D /* Build configuration list for PBXProject "gualun" */;
			compatibilityVersion = "Xcode 3.2";
			developmentRegion = English;
			hasScannedForEncodings = 0;
			knownRegions = (
				en,
			);
			mainGroup = 127DC3D714F394D20070782D;
			productRefGroup = 127DC3E314F394D20070782D /* Products */;
			projectDirPath = "";
			projectRoot = "";
			targets = (
				127DC3E114F394D20070782D /* gualun */,
			);
		};
/* End PBXProject section */

/* Begin PBXResourcesBuildPhase section */
		127DC3E014F394D20070782D /* Resources */ = {
			isa = PBXResourcesBuildPhase;
			buildActionMask = 2147483647;
			files = (
				127DC3F114F394D20070782D /* InfoPlist.strings in Resources */,
				127DC40214F3A1720070782D /* main-iphone.storyboard in Resources */,
			);
			runOnlyForDeploymentPostprocessing = 0;
		};
/* End PBXResourcesBuildPhase section */

/* Begin PBXSourcesBuildPhase section */
		127DC3DE14F394D20070782D /* Sources */ = {
			isa = PBXSourcesBuildPhase;
			buildActionMask = 2147483647;
			files = (
				127DC3F314F394D20070782D /* main.m in Sources */,
				127DC3F714F394D20070782D /* AppDelegate.m in Sources */,
				127DC40514F3A2660070782D /* MainViewController.m in Sources */,
				128CB7C114F3C484001A0F01 /* GearCalculator.m in Sources */,
			);
			runOnlyForDeploymentPostprocessing = 0;
		};
/* End PBXSourcesBuildPhase section */

/* Begin PBXVariantGroup section */
		127DC3EF14F394D20070782D /* InfoPlist.strings */ = {
			isa = PBXVariantGroup;
			children = (
				127DC3F014F394D20070782D /* en */,
			);
			name = InfoPlist.strings;
			sourceTree = "<group>";
		};
/* End PBXVariantGroup section */

/* Begin XCBuildConfiguration section */
		127DC3F814F394D20070782D /* Debug */ = {
			isa = XCBuildConfiguration;
			buildSettings = {
				ALWAYS_SEARCH_USER_PATHS = NO;
				ARCHS = "$(ARCHS_STANDARD_32_BIT)";
				CLANG_ENABLE_OBJC_ARC = YES;
				"CODE_SIGN_IDENTITY[sdk=iphoneos*]" = "iPhone Developer";
				COPY_PHASE_STRIP = NO;
				GCC_C_LANGUAGE_STANDARD = gnu99;
				GCC_DYNAMIC_NO_PIC = NO;
				GCC_OPTIMIZATION_LEVEL = 0;
				GCC_PREPROCESSOR_DEFINITIONS = (
					"DEBUG=1",
					"$(inherited)",
				);
				GCC_SYMBOLS_PRIVATE_EXTERN = NO;
				GCC_VERSION = com.apple.compilers.llvm.clang.1_0;
				GCC_WARN_ABOUT_MISSING_PROTOTYPES = YES;
				GCC_WARN_ABOUT_RETURN_TYPE = YES;
				GCC_WARN_UNUSED_VARIABLE = YES;
				IPHONEOS_DEPLOYMENT_TARGET = 5.0;
				SDKROOT = iphoneos;
				TARGETED_DEVICE_FAMILY = 2;
			};
			name = Debug;
		};
		127DC3F914F394D20070782D /* Release */ = {
			isa = XCBuildConfiguration;
			buildSettings = {
				ALWAYS_SEARCH_USER_PATHS = NO;
				ARCHS = "$(ARCHS_STANDARD_32_BIT)";
				CLANG_ENABLE_OBJC_ARC = YES;
				"CODE_SIGN_IDENTITY[sdk=iphoneos*]" = "iPhone Developer";
				COPY_PHASE_STRIP = YES;
				GCC_C_LANGUAGE_STANDARD = gnu99;
				GCC_VERSION = com.apple.compilers.llvm.clang.1_0;
				GCC_WARN_ABOUT_MISSING_PROTOTYPES = YES;
				GCC_WARN_ABOUT_RETURN_TYPE = YES;
				GCC_WARN_UNUSED_VARIABLE = YES;
				IPHONEOS_DEPLOYMENT_TARGET = 5.0;
				OTHER_CFLAGS = "-DNS_BLOCK_ASSERTIONS=1";
				SDKROOT = iphoneos;
				TARGETED_DEVICE_FAMILY = 2;
				VALIDATE_PRODUCT = YES;
			};
			name = Release;
		};
		127DC3FB14F394D20070782D /* Debug */ = {
			isa = XCBuildConfiguration;
			buildSettings = {
				GCC_PRECOMPILE_PREFIX_HEADER = YES;
				GCC_PREFIX_HEADER = "gualun/gualun-Prefix.pch";
				INFOPLIST_FILE = "gualun/gualun-Info.plist";
				PRODUCT_NAME = "$(TARGET_NAME)";
				TARGETED_DEVICE_FAMILY = 1;
				WRAPPER_EXTENSION = app;
			};
			name = Debug;
		};
		127DC3FC14F394D20070782D /* Release */ = {
			isa = XCBuildConfiguration;
			buildSettings = {
				GCC_PRECOMPILE_PREFIX_HEADER = YES;
				GCC_PREFIX_HEADER = "gualun/gualun-Prefix.pch";
				INFOPLIST_FILE = "gualun/gualun-Info.plist";
				PRODUCT_NAME = "$(TARGET_NAME)";
				TARGETED_DEVICE_FAMILY = 1;
				WRAPPER_EXTENSION = app;
			};
			name = Release;
		};
/* End XCBuildConfiguration section */

/* Begin XCConfigurationList section */
		127DC3DC14F394D20070782D /* Build configuration list for PBXProject "gualun" */ = {
			isa = XCConfigurationList;
			buildConfigurations = (
				127DC3F814F394D20070782D /* Debug */,
				127DC3F914F394D20070782D /* Release */,
			);
			defaultConfigurationIsVisible = 0;
			defaultConfigurationName = Release;
		};
		127DC3FA14F394D20070782D /* Build configuration list for PBXNativeTarget "gualun" */ = {
			isa = XCConfigurationList;
			buildConfigurations = (
				127DC3FB14F394D20070782D /* Debug */,
				127DC3FC14F394D20070782D /* Release */,
			);
			defaultConfigurationIsVisible = 0;
			defaultConfigurationName = Release;
		};
/* End XCConfigurationList section */
	};
	rootObject = 127DC3D914F394D20070782D /* Project object */;
}
